
Microsoft Visual Studio Solution File, Format Version 12.00
# Visual Studio Version 16
VisualStudioVersion = 16.0.29201.188
MinimumVisualStudioVersion = 10.0.40219.1
Project("{9A19103F-16F7-4668-BE54-9A1E7A4F7556}") = "Exceptions.Utilities", "Exceptions.Utilities\Exceptions.Utilities.csproj", "{2ACFD5AA-330F-4446-A3B4-BD10ED6E8B6F}"
EndProject
Project("{9A19103F-16F7-4668-BE54-9A1E7A4F7556}") = "Exceptions", "Exceptions\Exceptions.csproj", "{2DBBA702-929E-4F29-BBA2-5BC10F357827}"
EndProject
Project("{9A19103F-16F7-4668-BE54-9A1E7A4F7556}") = "Exceptions.Tests", "Exceptions.Tests\Exceptions.Tests.csproj", "{C7247401-F554-4AE7-8D27-E963D9507429}"
EndProject
Project("{FAE04EC0-301F-11D3-BF4B-00C04F79EFBC}") = "Exceptions.Client", "Exceptions.Client\Exceptions.Client.csproj", "{4282F90B-54D0-4FED-9475-7D80E8348C3A}"
EndProject
Project("{9A19103F-16F7-4668-BE54-9A1E7A4F7556}") = "StackOverflowShutdown", "StackOverflowShutdown\StackOverflowShutdown.csproj", "{53BDCD9C-3E85-4E25-A2F2-4624C5EDED43}"
EndProject
Project("{9A19103F-16F7-4668-BE54-9A1E7A4F7556}") = "FindingExceptions", "FindingExceptions\FindingExceptions.csproj", "{2AC49BD9-015B-4F1D-AAAC-9F87EEDEE793}"
EndProject
Project("{9A19103F-16F7-4668-BE54-9A1E7A4F7556}") = "FindingExceptions.Client", "FindingExceptions.Client\FindingExceptions.Client.csproj", "{C46EA176-A448-421E-90FB-27749CF17879}"
EndProject
Project("{9A19103F-16F7-4668-BE54-9A1E7A4F7556}") = "InconsistentState", "InconsistentState\InconsistentState.csproj", "{8332DEB8-5598-4CB4-8EA2-C747D1F913B0}"
EndProject
Project("{9A19103F-16F7-4668-BE54-9A1E7A4F7556}") = "FindingExceptions.Generator", "FindingExceptions.Generator\FindingExceptions.Generator.csproj", "{7A821093-B806-4A38-97A7-DFF5A66BDC49}"
EndProject
Project("{9A19103F-16F7-4668-BE54-9A1E7A4F7556}") = "Exceptions.Performance", "Exceptions.Performance\Exceptions.Performance.csproj", "{41808A8A-986B-4679-9114-E0EE47E5F08B}"
EndProject
Project("{FAE04EC0-301F-11D3-BF4B-00C04F79EFBC}") = "CodeToImprove", "CodeToImprove\CodeToImprove.csproj", "{64279232-8960-41EB-A840-CC7CA08E683F}"
EndProject
Project("{FAE04EC0-301F-11D3-BF4B-00C04F79EFBC}") = "Exceptions.StackTraces", "Exceptions.StackTraces\Exceptions.StackTraces.csproj", "{FE24CDDF-C06F-49F0-BA8B-0D6DF5AF9D5D}"
EndProject
Global
	GlobalSection(SolutionConfigurationPlatforms) = preSolution
		Debug|Any CPU = Debug|Any CPU
		Release|Any CPU = Release|Any CPU
	EndGlobalSection
	GlobalSection(ProjectConfigurationPlatforms) = postSolution
		{2ACFD5AA-330F-4446-A3B4-BD10ED6E8B6F}.Debug|Any CPU.ActiveCfg = Debug|Any CPU
		{2ACFD5AA-330F-4446-A3B4-BD10ED6E8B6F}.Debug|Any CPU.Build.0 = Debug|Any CPU
		{2ACFD5AA-330F-4446-A3B4-BD10ED6E8B6F}.Release|Any CPU.ActiveCfg = Release|Any CPU
		{2ACFD5AA-330F-4446-A3B4-BD10ED6E8B6F}.Release|Any CPU.Build.0 = Release|Any CPU
		{2DBBA702-929E-4F29-BBA2-5BC10F357827}.Debug|Any CPU.ActiveCfg = Debug|Any CPU
		{2DBBA702-929E-4F29-BBA2-5BC10F357827}.Debug|Any CPU.Build.0 = Debug|Any CPU
		{2DBBA702-929E-4F29-BBA2-5BC10F357827}.Release|Any CPU.ActiveCfg = Release|Any CPU
		{2DBBA702-929E-4F29-BBA2-5BC10F357827}.Release|Any CPU.Build.0 = Release|Any CPU
		{C7247401-F554-4AE7-8D27-E963D9507429}.Debug|Any CPU.ActiveCfg = Debug|Any CPU
		{C7247401-F554-4AE7-8D27-E963D9507429}.Debug|Any CPU.Build.0 = Debug|Any CPU
		{C7247401-F554-4AE7-8D27-E963D9507429}.Release|Any CPU.ActiveCfg = Release|Any CPU
		{C7247401-F554-4AE7-8D27-E963D9507429}.Release|Any CPU.Build.0 = Release|Any CPU
		{4282F90B-54D0-4FED-9475-7D80E8348C3A}.Debug|Any CPU.ActiveCfg = Debug|Any CPU
		{4282F90B-54D0-4FED-9475-7D80E8348C3A}.Debug|Any CPU.Build.0 = Debug|Any CPU
		{4282F90B-54D0-4FED-9475-7D80E8348C3A}.Release|Any CPU.ActiveCfg = Release|Any CPU
		{4282F90B-54D0-4FED-9475-7D80E8348C3A}.Release|Any CPU.Build.0 = Release|Any CPU
		{53BDCD9C-3E85-4E25-A2F2-4624C5EDED43}.Debug|Any CPU.ActiveCfg = Debug|Any CPU
		{53BDCD9C-3E85-4E25-A2F2-4624C5EDED43}.Debug|Any CPU.Build.0 = Debug|Any CPU
		{53BDCD9C-3E85-4E25-A2F2-4624C5EDED43}.Release|Any CPU.ActiveCfg = Release|Any CPU
		{53BDCD9C-3E85-4E25-A2F2-4624C5EDED43}.Release|Any CPU.Build.0 = Release|Any CPU
		{2AC49BD9-015B-4F1D-AAAC-9F87EEDEE793}.Debug|Any CPU.ActiveCfg = Debug|Any CPU
		{2AC49BD9-015B-4F1D-AAAC-9F87EEDEE793}.Debug|Any CPU.Build.0 = Debug|Any CPU
		{2AC49BD9-015B-4F1D-AAAC-9F87EEDEE793}.Release|Any CPU.ActiveCfg = Release|Any CPU
		{2AC49BD9-015B-4F1D-AAAC-9F87EEDEE793}.Release|Any CPU.Build.0 = Release|Any CPU
		{C46EA176-A448-421E-90FB-27749CF17879}.Debug|Any CPU.ActiveCfg = Debug|Any CPU
		{C46EA176-A448-421E-90FB-27749CF17879}.Debug|Any CPU.Build.0 = Debug|Any CPU
		{C46EA176-A448-421E-90FB-27749CF17879}.Release|Any CPU.ActiveCfg = Release|Any CPU
		{C46EA176-A448-421E-90FB-27749CF17879}.Release|Any CPU.Build.0 = Release|Any CPU
		{8332DEB8-5598-4CB4-8EA2-C747D1F913B0}.Debug|Any CPU.ActiveCfg = Debug|Any CPU
		{8332DEB8-5598-4CB4-8EA2-C747D1F913B0}.Debug|Any CPU.Build.0 = Debug|Any CPU
		{8332DEB8-5598-4CB4-8EA2-C747D1F913B0}.Release|Any CPU.ActiveCfg = Release|Any CPU
		{8332DEB8-5598-4CB4-8EA2-C747D1F913B0}.Release|Any CPU.Build.0 = Release|Any CPU
		{7A821093-B806-4A38-97A7-DFF5A66BDC49}.Debug|Any CPU.ActiveCfg = Debug|Any CPU
		{7A821093-B806-4A38-97A7-DFF5A66BDC49}.Debug|Any CPU.Build.0 = Debug|Any CPU
		{7A821093-B806-4A38-97A7-DFF5A66BDC49}.Release|Any CPU.ActiveCfg = Release|Any CPU
		{7A821093-B806-4A38-97A7-DFF5A66BDC49}.Release|Any CPU.Build.0 = Release|Any CPU
		{41808A8A-986B-4679-9114-E0EE47E5F08B}.Debug|Any CPU.ActiveCfg = Debug|Any CPU
		{41808A8A-986B-4679-9114-E0EE47E5F08B}.Debug|Any CPU.Build.0 = Debug|Any CPU
		{41808A8A-986B-4679-9114-E0EE47E5F08B}.Release|Any CPU.ActiveCfg = Release|Any CPU
		{41808A8A-986B-4679-9114-E0EE47E5F08B}.Release|Any CPU.Build.0 = Release|Any CPU
		{64279232-8960-41EB-A840-CC7CA08E683F}.Debug|Any CPU.ActiveCfg = Debug|Any CPU
		{64279232-8960-41EB-A840-CC7CA08E683F}.Debug|Any CPU.Build.0 = Debug|Any CPU
		{64279232-8960-41EB-A840-CC7CA08E683F}.Release|Any CPU.ActiveCfg = Release|Any CPU
		{64279232-8960-41EB-A840-CC7CA08E683F}.Release|Any CPU.Build.0 = Release|Any CPU
		{FE24CDDF-C06F-49F0-BA8B-0D6DF5AF9D5D}.Debug|Any CPU.ActiveCfg = Debug|Any CPU
		{FE24CDDF-C06F-49F0-BA8B-0D6DF5AF9D5D}.Debug|Any CPU.Build.0 = Debug|Any CPU
		{FE24CDDF-C06F-49F0-BA8B-0D6DF5AF9D5D}.Release|Any CPU.ActiveCfg = Release|Any CPU
		{FE24CDDF-C06F-49F0-BA8B-0D6DF5AF9D5D}.Release|Any CPU.Build.0 = Release|Any CPU
	EndGlobalSection
	GlobalSection(SolutionProperties) = preSolution
		HideSolutionNode = FALSE
	EndGlobalSection
	GlobalSection(ExtensibilityGlobals) = postSolution
		SolutionGuid = {F2C10EC3-EC92-4F4A-AC7B-0C3968EE4E82}
	EndGlobalSection
	GlobalSection(TestCaseManagementSettings) = postSolution
		CategoryFile = Exceptions.vsmdi
	EndGlobalSection
EndGlobal
