
Microsoft Visual Studio Solution File, Format Version 11.00
# Visual Studio 2010
Project("{2150E333-8FDC-42A3-9474-1A3956D46DE8}") = "Solution Items", "Solution Items", "{D70FB212-3815-49F7-BDD6-56D323CA5B05}"
	ProjectSection(SolutionItems) = preProject
		Exceptions.vsmdi = Exceptions.vsmdi
		LocalTestRun.testrunconfig = LocalTestRun.testrunconfig
	EndProjectSection
EndProject
Project("{FAE04EC0-301F-11D3-BF4B-00C04F79EFBC}") = "Exceptions.Utilities", "Exceptions.Utilities\Exceptions.Utilities.csproj", "{2ACFD5AA-330F-4446-A3B4-BD10ED6E8B6F}"
EndProject
Project("{FAE04EC0-301F-11D3-BF4B-00C04F79EFBC}") = "Exceptions", "Exceptions\Exceptions.csproj", "{2DBBA702-929E-4F29-BBA2-5BC10F357827}"
EndProject
Project("{FAE04EC0-301F-11D3-BF4B-00C04F79EFBC}") = "Exceptions.Tests", "Exceptions.Tests\Exceptions.Tests.csproj", "{C7247401-F554-4AE7-8D27-E963D9507429}"
EndProject
Project("{FAE04EC0-301F-11D3-BF4B-00C04F79EFBC}") = "Exceptions.Faults", "Exceptions.Faults\Exceptions.Faults.csproj", "{9303779A-9E85-423F-9E4D-839AE0FE9C15}"
EndProject
Project("{F184B08F-C81C-45F6-A57F-5ABD9991F28F}") = "Exceptions.Filters", "Exceptions.Filters\Exceptions.Filters.vbproj", "{B91681FC-B0FB-4A0D-B3DD-6E15B1D40A03}"
EndProject
Project("{FAE04EC0-301F-11D3-BF4B-00C04F79EFBC}") = "Exceptions.Client", "Exceptions.Client\Exceptions.Client.csproj", "{4282F90B-54D0-4FED-9475-7D80E8348C3A}"
EndProject
Project("{FAE04EC0-301F-11D3-BF4B-00C04F79EFBC}") = "StackOverflowShutdown", "StackOverflowShutdown\StackOverflowShutdown.csproj", "{53BDCD9C-3E85-4E25-A2F2-4624C5EDED43}"
EndProject
Project("{F184B08F-C81C-45F6-A57F-5ABD9991F28F}") = "ReallyBadCode", "ReallyBadCode\ReallyBadCode.vbproj", "{C7A5E404-1FAF-4880-B479-587462EB8FD8}"
EndProject
Project("{FAE04EC0-301F-11D3-BF4B-00C04F79EFBC}") = "Exceptions.Threading", "Exceptions.Threading\Exceptions.Threading.csproj", "{BA92B364-4271-40B9-9B98-9EA7B5957376}"
EndProject
Project("{FAE04EC0-301F-11D3-BF4B-00C04F79EFBC}") = "FindingExceptions", "FindingExceptions\FindingExceptions.csproj", "{2AC49BD9-015B-4F1D-AAAC-9F87EEDEE793}"
EndProject
Project("{FAE04EC0-301F-11D3-BF4B-00C04F79EFBC}") = "FindingExceptions.Client", "FindingExceptions.Client\FindingExceptions.Client.csproj", "{C46EA176-A448-421E-90FB-27749CF17879}"
EndProject
Project("{FAE04EC0-301F-11D3-BF4B-00C04F79EFBC}") = "InconsistentState", "InconsistentState\InconsistentState.csproj", "{8332DEB8-5598-4CB4-8EA2-C747D1F913B0}"
EndProject
Project("{F184B08F-C81C-45F6-A57F-5ABD9991F28F}") = "Exceptions.VB", "Exceptions.VB\Exceptions.VB.vbproj", "{702F330F-AFAB-4E3E-9D64-A520FDE0A497}"
EndProject
Project("{FAE04EC0-301F-11D3-BF4B-00C04F79EFBC}") = "FindingExceptions.Generator", "FindingExceptions.Generator\FindingExceptions.Generator.csproj", "{7A821093-B806-4A38-97A7-DFF5A66BDC49}"
EndProject
Global
	GlobalSection(TestCaseManagementSettings) = postSolution
		CategoryFile = Exceptions.vsmdi
	EndGlobalSection
	GlobalSection(SolutionConfigurationPlatforms) = preSolution
		Debug|Any CPU = Debug|Any CPU
		Release|Any CPU = Release|Any CPU
	EndGlobalSection
	GlobalSection(ProjectConfigurationPlatforms) = postSolution
		{2ACFD5AA-330F-4446-A3B4-BD10ED6E8B6F}.Debug|Any CPU.ActiveCfg = Debug|Any CPU
		{2ACFD5AA-330F-4446-A3B4-BD10ED6E8B6F}.Debug|Any CPU.Build.0 = Debug|Any CPU
		{2ACFD5AA-330F-4446-A3B4-BD10ED6E8B6F}.Release|Any CPU.ActiveCfg = Release|Any CPU
		{2ACFD5AA-330F-4446-A3B4-BD10ED6E8B6F}.Release|Any CPU.Build.0 = Release|Any CPU
		{2DBBA702-929E-4F29-BBA2-5BC10F357827}.Debug|Any CPU.ActiveCfg = Debug|Any CPU
		{2DBBA702-929E-4F29-BBA2-5BC10F357827}.Debug|Any CPU.Build.0 = Debug|Any CPU
		{2DBBA702-929E-4F29-BBA2-5BC10F357827}.Release|Any CPU.ActiveCfg = Release|Any CPU
		{2DBBA702-929E-4F29-BBA2-5BC10F357827}.Release|Any CPU.Build.0 = Release|Any CPU
		{C7247401-F554-4AE7-8D27-E963D9507429}.Debug|Any CPU.ActiveCfg = Debug|Any CPU
		{C7247401-F554-4AE7-8D27-E963D9507429}.Debug|Any CPU.Build.0 = Debug|Any CPU
		{C7247401-F554-4AE7-8D27-E963D9507429}.Release|Any CPU.ActiveCfg = Release|Any CPU
		{C7247401-F554-4AE7-8D27-E963D9507429}.Release|Any CPU.Build.0 = Release|Any CPU
		{9303779A-9E85-423F-9E4D-839AE0FE9C15}.Debug|Any CPU.ActiveCfg = Debug|Any CPU
		{9303779A-9E85-423F-9E4D-839AE0FE9C15}.Debug|Any CPU.Build.0 = Debug|Any CPU
		{9303779A-9E85-423F-9E4D-839AE0FE9C15}.Release|Any CPU.ActiveCfg = Release|Any CPU
		{9303779A-9E85-423F-9E4D-839AE0FE9C15}.Release|Any CPU.Build.0 = Release|Any CPU
		{B91681FC-B0FB-4A0D-B3DD-6E15B1D40A03}.Debug|Any CPU.ActiveCfg = Debug|Any CPU
		{B91681FC-B0FB-4A0D-B3DD-6E15B1D40A03}.Debug|Any CPU.Build.0 = Debug|Any CPU
		{B91681FC-B0FB-4A0D-B3DD-6E15B1D40A03}.Release|Any CPU.ActiveCfg = Release|Any CPU
		{B91681FC-B0FB-4A0D-B3DD-6E15B1D40A03}.Release|Any CPU.Build.0 = Release|Any CPU
		{4282F90B-54D0-4FED-9475-7D80E8348C3A}.Debug|Any CPU.ActiveCfg = Debug|Any CPU
		{4282F90B-54D0-4FED-9475-7D80E8348C3A}.Debug|Any CPU.Build.0 = Debug|Any CPU
		{4282F90B-54D0-4FED-9475-7D80E8348C3A}.Release|Any CPU.ActiveCfg = Release|Any CPU
		{4282F90B-54D0-4FED-9475-7D80E8348C3A}.Release|Any CPU.Build.0 = Release|Any CPU
		{53BDCD9C-3E85-4E25-A2F2-4624C5EDED43}.Debug|Any CPU.ActiveCfg = Debug|Any CPU
		{53BDCD9C-3E85-4E25-A2F2-4624C5EDED43}.Debug|Any CPU.Build.0 = Debug|Any CPU
		{53BDCD9C-3E85-4E25-A2F2-4624C5EDED43}.Release|Any CPU.ActiveCfg = Release|Any CPU
		{53BDCD9C-3E85-4E25-A2F2-4624C5EDED43}.Release|Any CPU.Build.0 = Release|Any CPU
		{C7A5E404-1FAF-4880-B479-587462EB8FD8}.Debug|Any CPU.ActiveCfg = Debug|Any CPU
		{C7A5E404-1FAF-4880-B479-587462EB8FD8}.Debug|Any CPU.Build.0 = Debug|Any CPU
		{C7A5E404-1FAF-4880-B479-587462EB8FD8}.Release|Any CPU.ActiveCfg = Release|Any CPU
		{C7A5E404-1FAF-4880-B479-587462EB8FD8}.Release|Any CPU.Build.0 = Release|Any CPU
		{BA92B364-4271-40B9-9B98-9EA7B5957376}.Debug|Any CPU.ActiveCfg = Debug|Any CPU
		{BA92B364-4271-40B9-9B98-9EA7B5957376}.Debug|Any CPU.Build.0 = Debug|Any CPU
		{BA92B364-4271-40B9-9B98-9EA7B5957376}.Release|Any CPU.ActiveCfg = Release|Any CPU
		{BA92B364-4271-40B9-9B98-9EA7B5957376}.Release|Any CPU.Build.0 = Release|Any CPU
		{2AC49BD9-015B-4F1D-AAAC-9F87EEDEE793}.Debug|Any CPU.ActiveCfg = Debug|Any CPU
		{2AC49BD9-015B-4F1D-AAAC-9F87EEDEE793}.Debug|Any CPU.Build.0 = Debug|Any CPU
		{2AC49BD9-015B-4F1D-AAAC-9F87EEDEE793}.Release|Any CPU.ActiveCfg = Release|Any CPU
		{2AC49BD9-015B-4F1D-AAAC-9F87EEDEE793}.Release|Any CPU.Build.0 = Release|Any CPU
		{C46EA176-A448-421E-90FB-27749CF17879}.Debug|Any CPU.ActiveCfg = Debug|Any CPU
		{C46EA176-A448-421E-90FB-27749CF17879}.Debug|Any CPU.Build.0 = Debug|Any CPU
		{C46EA176-A448-421E-90FB-27749CF17879}.Release|Any CPU.ActiveCfg = Release|Any CPU
		{C46EA176-A448-421E-90FB-27749CF17879}.Release|Any CPU.Build.0 = Release|Any CPU
		{8332DEB8-5598-4CB4-8EA2-C747D1F913B0}.Debug|Any CPU.ActiveCfg = Debug|Any CPU
		{8332DEB8-5598-4CB4-8EA2-C747D1F913B0}.Debug|Any CPU.Build.0 = Debug|Any CPU
		{8332DEB8-5598-4CB4-8EA2-C747D1F913B0}.Release|Any CPU.ActiveCfg = Release|Any CPU
		{8332DEB8-5598-4CB4-8EA2-C747D1F913B0}.Release|Any CPU.Build.0 = Release|Any CPU
		{702F330F-AFAB-4E3E-9D64-A520FDE0A497}.Debug|Any CPU.ActiveCfg = Debug|Any CPU
		{702F330F-AFAB-4E3E-9D64-A520FDE0A497}.Debug|Any CPU.Build.0 = Debug|Any CPU
		{702F330F-AFAB-4E3E-9D64-A520FDE0A497}.Release|Any CPU.ActiveCfg = Release|Any CPU
		{702F330F-AFAB-4E3E-9D64-A520FDE0A497}.Release|Any CPU.Build.0 = Release|Any CPU
		{7A821093-B806-4A38-97A7-DFF5A66BDC49}.Debug|Any CPU.ActiveCfg = Debug|Any CPU
		{7A821093-B806-4A38-97A7-DFF5A66BDC49}.Debug|Any CPU.Build.0 = Debug|Any CPU
		{7A821093-B806-4A38-97A7-DFF5A66BDC49}.Release|Any CPU.ActiveCfg = Release|Any CPU
		{7A821093-B806-4A38-97A7-DFF5A66BDC49}.Release|Any CPU.Build.0 = Release|Any CPU
	EndGlobalSection
	GlobalSection(SolutionProperties) = preSolution
		HideSolutionNode = FALSE
	EndGlobalSection
EndGlobal
